
Microsoft Visual Studio Solution File, Format Version 12.00
# Visual Studio Version 16
VisualStudioVersion = 16.0.32228.343
MinimumVisualStudioVersion = 10.0.40219.1
Project("{FAE04EC0-301F-11D3-BF4B-00C04F79EFBC}") = "WebApplication1", "WebApplication1.csproj", "{FD4E1A17-37C7-4EEB-977B-2246546148D0}"
EndProject
Global
	GlobalSection(SolutionConfigurationPlatforms) = preSolution
		Debug|Any CPU = Debug|Any CPU
		Release|Any CPU = Release|Any CPU
	EndGlobalSection
	GlobalSection(ProjectConfigurationPlatforms) = postSolution
		{FD4E1A17-37C7-4EEB-977B-2246546148D0}.Debug|Any CPU.ActiveCfg = Debug|Any CPU
		{FD4E1A17-37C7-4EEB-977B-2246546148D0}.Debug|Any CPU.Build.0 = Debug|Any CPU
		{FD4E1A17-37C7-4EEB-977B-2246546148D0}.Release|Any CPU.ActiveCfg = Release|Any CPU
		{FD4E1A17-37C7-4EEB-977B-2246546148D0}.Release|Any CPU.Build.0 = Release|Any CPU
	EndGlobalSection
	GlobalSection(SolutionProperties) = preSolution
		HideSolutionNode = FALSE
	EndGlobalSection
	GlobalSection(ExtensibilityGlobals) = postSolution
		SolutionGuid = {BBE4E440-626C-419D-A1BA-D22E22396C13}
	EndGlobalSection
EndGlobal
